{
  "name": "11-custom-writable-to-file-stream",
  "version": "1.0.0",
  "lockfileVersion": 1,
  "requires": true,
  "dependencies": {
    "mkdirp": {
      "version": "2.1.5",
      "resolved": "https://registry.npmjs.org/mkdirp/-/mkdirp-2.1.5.tgz",
      "integrity": "sha512-jbjfql+shJtAPrFoKxHOXip4xS+kul9W3OzfzzrqueWK2QMGon2bFH2opl6W9EagBThjEz+iysyi/swOoVfB/w=="
    },
    "mkdirp-promise": {
      "version": "5.0.1",
      "resolved": "https://registry.npmjs.org/mkdirp-promise/-/mkdirp-promise-5.0.1.tgz",
      "integrity": "sha512-Hepn5kb1lJPtVW84RFT40YG1OddBNTOVUZR2bzQUHc+Z03en8/3uX0+060JDhcEzyO08HmipsN9DcnFMxhIL9w==",
      "requires": {
        "mkdirp": "*"
      }
    }
  }
}
